
Microsoft Visual Studio Solution File, Format Version 12.00
# Visual Studio Version 17
VisualStudioVersion = 17.9.34622.214
MinimumVisualStudioVersion = 10.0.40219.1
Project("{9A19103F-16F7-4668-BE54-9A1E7A4F7556}") = "GodotSample", "GodotSample.csproj", "{D195CFD3-410D-4802-9434-41A6C16E6308}"
EndProject
Project("{2150E333-8FDC-42A3-9474-1A3956D46DE8}") = "Export", "Export", "{705F5D79-6F14-4CCB-9562-B72B87DC1BE0}"
	ProjectSection(SolutionItems) = preProject
		ExportWindows\README.md = ExportWindows\README.md
	EndProjectSection
EndProject
Global
	GlobalSection(SolutionConfigurationPlatforms) = preSolution
		Debug|Any CPU = Debug|Any CPU
		ExportDebug|Any CPU = ExportDebug|Any CPU
		ExportRelease|Any CPU = ExportRelease|Any CPU
	EndGlobalSection
	GlobalSection(ProjectConfigurationPlatforms) = postSolution
		{D195CFD3-410D-4802-9434-41A6C16E6308}.Debug|Any CPU.ActiveCfg = Debug|Any CPU
		{D195CFD3-410D-4802-9434-41A6C16E6308}.Debug|Any CPU.Build.0 = Debug|Any CPU
		{D195CFD3-410D-4802-9434-41A6C16E6308}.ExportDebug|Any CPU.ActiveCfg = ExportDebug|Any CPU
		{D195CFD3-410D-4802-9434-41A6C16E6308}.ExportDebug|Any CPU.Build.0 = ExportDebug|Any CPU
		{D195CFD3-410D-4802-9434-41A6C16E6308}.ExportRelease|Any CPU.ActiveCfg = ExportRelease|Any CPU
		{D195CFD3-410D-4802-9434-41A6C16E6308}.ExportRelease|Any CPU.Build.0 = ExportRelease|Any CPU
	EndGlobalSection
	GlobalSection(SolutionProperties) = preSolution
		HideSolutionNode = FALSE
	EndGlobalSection
EndGlobal
